
Microsoft Visual Studio Solution File, Format Version 12.00
# Visual Studio Version 16
VisualStudioVersion = 16.0.29806.167
MinimumVisualStudioVersion = 10.0.40219.1
Project("{FAE04EC0-301F-11D3-BF4B-00C04F79EFBC}") = "DotnetCoreMVC", "DotnetCoreMVC\DotnetCoreMVC.csproj", "{85825F38-8067-415E-87C9-2322108D892C}"
EndProject
Project("{FAE04EC0-301F-11D3-BF4B-00C04F79EFBC}") = "CosmosDB", "CosmosDB\CosmosDB.csproj", "{232AD476-1581-4826-B044-D7BB9FB6A7E3}"
EndProject
Project("{FAE04EC0-301F-11D3-BF4B-00C04F79EFBC}") = "ElasticSearch", "ElasticSearch\ElasticSearch.csproj", "{F0EEC035-E41B-4655-8B8A-D2897C256DFD}"
EndProject
Project("{FAE04EC0-301F-11D3-BF4B-00C04F79EFBC}") = "Epplus", "Epplus\Epplus.csproj", "{80EFAF19-6B0B-43B3-8727-72FB740C62F0}"
EndProject
Project("{FAE04EC0-301F-11D3-BF4B-00C04F79EFBC}") = "SchoolsAPIS", "SchoolsAPIS\SchoolsAPIS.csproj", "{C6CE9186-0D4B-4835-9BF8-E65F9B942222}"
EndProject
Global
	GlobalSection(SolutionConfigurationPlatforms) = preSolution
		Debug|Any CPU = Debug|Any CPU
		Release|Any CPU = Release|Any CPU
	EndGlobalSection
	GlobalSection(ProjectConfigurationPlatforms) = postSolution
		{85825F38-8067-415E-87C9-2322108D892C}.Debug|Any CPU.ActiveCfg = Debug|Any CPU
		{85825F38-8067-415E-87C9-2322108D892C}.Debug|Any CPU.Build.0 = Debug|Any CPU
		{85825F38-8067-415E-87C9-2322108D892C}.Release|Any CPU.ActiveCfg = Release|Any CPU
		{85825F38-8067-415E-87C9-2322108D892C}.Release|Any CPU.Build.0 = Release|Any CPU
		{232AD476-1581-4826-B044-D7BB9FB6A7E3}.Debug|Any CPU.ActiveCfg = Debug|Any CPU
		{232AD476-1581-4826-B044-D7BB9FB6A7E3}.Debug|Any CPU.Build.0 = Debug|Any CPU
		{232AD476-1581-4826-B044-D7BB9FB6A7E3}.Release|Any CPU.ActiveCfg = Release|Any CPU
		{232AD476-1581-4826-B044-D7BB9FB6A7E3}.Release|Any CPU.Build.0 = Release|Any CPU
		{F0EEC035-E41B-4655-8B8A-D2897C256DFD}.Debug|Any CPU.ActiveCfg = Debug|Any CPU
		{F0EEC035-E41B-4655-8B8A-D2897C256DFD}.Debug|Any CPU.Build.0 = Debug|Any CPU
		{F0EEC035-E41B-4655-8B8A-D2897C256DFD}.Release|Any CPU.ActiveCfg = Release|Any CPU
		{F0EEC035-E41B-4655-8B8A-D2897C256DFD}.Release|Any CPU.Build.0 = Release|Any CPU
		{80EFAF19-6B0B-43B3-8727-72FB740C62F0}.Debug|Any CPU.ActiveCfg = Debug|Any CPU
		{80EFAF19-6B0B-43B3-8727-72FB740C62F0}.Debug|Any CPU.Build.0 = Debug|Any CPU
		{80EFAF19-6B0B-43B3-8727-72FB740C62F0}.Release|Any CPU.ActiveCfg = Release|Any CPU
		{80EFAF19-6B0B-43B3-8727-72FB740C62F0}.Release|Any CPU.Build.0 = Release|Any CPU
		{C6CE9186-0D4B-4835-9BF8-E65F9B942222}.Debug|Any CPU.ActiveCfg = Debug|Any CPU
		{C6CE9186-0D4B-4835-9BF8-E65F9B942222}.Debug|Any CPU.Build.0 = Debug|Any CPU
		{C6CE9186-0D4B-4835-9BF8-E65F9B942222}.Release|Any CPU.ActiveCfg = Release|Any CPU
		{C6CE9186-0D4B-4835-9BF8-E65F9B942222}.Release|Any CPU.Build.0 = Release|Any CPU
	EndGlobalSection
	GlobalSection(SolutionProperties) = preSolution
		HideSolutionNode = FALSE
	EndGlobalSection
	GlobalSection(ExtensibilityGlobals) = postSolution
		SolutionGuid = {6F9ADE20-D65B-4463-AD7D-5FBA6803D256}
	EndGlobalSection
EndGlobal
